
Microsoft Visual Studio Solution File, Format Version 12.00
# Visual Studio Version 17
VisualStudioVersion = 17.0.31903.59
MinimumVisualStudioVersion = 10.0.40219.1
Project("{9A19103F-16F7-4668-BE54-9A1E7A4F7556}") = "RAGamuffin", "RAGamuffin\RAGamuffin.csproj", "{A5A744B8-295F-405B-846F-835B0F5BF337}"
EndProject
Global
	GlobalSection(SolutionConfigurationPlatforms) = preSolution
		Debug|Any CPU = Debug|Any CPU
		Release|Any CPU = Release|Any CPU
	EndGlobalSection
	GlobalSection(ProjectConfigurationPlatforms) = postSolution
		{A5A744B8-295F-405B-846F-835B0F5BF337}.Debug|Any CPU.ActiveCfg = Debug|Any CPU
		{A5A744B8-295F-405B-846F-835B0F5BF337}.Debug|Any CPU.Build.0 = Debug|Any CPU
		{A5A744B8-295F-405B-846F-835B0F5BF337}.Release|Any CPU.ActiveCfg = Release|Any CPU
		{A5A744B8-295F-405B-846F-835B0F5BF337}.Release|Any CPU.Build.0 = Release|Any CPU
	EndGlobalSection
	GlobalSection(SolutionProperties) = preSolution
		HideSolutionNode = FALSE
	EndGlobalSection
	GlobalSection(ExtensibilityGlobals) = postSolution
		SolutionGuid = {CBCAE8CA-758C-4FB1-9FBA-0191ACE450C3}
	EndGlobalSection
EndGlobal
