
Microsoft Visual Studio Solution File, Format Version 12.00
# Visual Studio Version 17
VisualStudioVersion = 17.0.31903.59
MinimumVisualStudioVersion = 10.0.40219.1
Project("{9A19103F-16F7-4668-BE54-9A1E7A4F7556}") = "RAGamuffin", "..\RAGamuffin\RAGamuffin.csproj", "{B875124C-2C4C-4CEF-BBDE-2435F8893540}"
EndProject
Project("{FAE04EC0-301F-11D3-BF4B-00C04F79EFBC}") = "RAGamuffin.Playground.TestingNewFeatures", "RAGamuffin.Playground.TestingNewFeatures\RAGamuffin.Playground.TestingNewFeatures.csproj", "{D08E0134-2E43-49EF-91DB-8C3D8BCA0A7B}"
EndProject
Global
	GlobalSection(SolutionConfigurationPlatforms) = preSolution
		Debug|Any CPU = Debug|Any CPU
		Release|Any CPU = Release|Any CPU
	EndGlobalSection
	GlobalSection(ProjectConfigurationPlatforms) = postSolution
		{B875124C-2C4C-4CEF-BBDE-2435F8893540}.Debug|Any CPU.ActiveCfg = Debug|Any CPU
		{B875124C-2C4C-4CEF-BBDE-2435F8893540}.Debug|Any CPU.Build.0 = Debug|Any CPU
		{B875124C-2C4C-4CEF-BBDE-2435F8893540}.Release|Any CPU.ActiveCfg = Release|Any CPU
		{B875124C-2C4C-4CEF-BBDE-2435F8893540}.Release|Any CPU.Build.0 = Release|Any CPU
		{D08E0134-2E43-49EF-91DB-8C3D8BCA0A7B}.Debug|Any CPU.ActiveCfg = Debug|Any CPU
		{D08E0134-2E43-49EF-91DB-8C3D8BCA0A7B}.Debug|Any CPU.Build.0 = Debug|Any CPU
		{D08E0134-2E43-49EF-91DB-8C3D8BCA0A7B}.Release|Any CPU.ActiveCfg = Release|Any CPU
		{D08E0134-2E43-49EF-91DB-8C3D8BCA0A7B}.Release|Any CPU.Build.0 = Release|Any CPU
	EndGlobalSection
	GlobalSection(SolutionProperties) = preSolution
		HideSolutionNode = FALSE
	EndGlobalSection
	GlobalSection(ExtensibilityGlobals) = postSolution
		SolutionGuid = {8AE15306-78B4-40E7-9EAD-D34DB97165FE}
	EndGlobalSection
EndGlobal
